// !$*UTF8*$!
{
	archiveVersion = 1;
	classes = {
	};
	objectVersion = 55;
	objects = {

/* Begin PBXBuildFile section */
		634676B42829B60D00C57593 /* Application.swift in Sources */ = {isa = PBXBuildFile; fileRef = 634676B32829B60D00C57593 /* Application.swift */; };
		634676B62829C7ED00C57593 /* AudioPlayer.swift in Sources */ = {isa = PBXBuildFile; fileRef = 634676B52829C7ED00C57593 /* AudioPlayer.swift */; };
		634676BB282A6AE200C57593 /* background-music.wav in Resources */ = {isa = PBXBuildFile; fileRef = 634676BA282A6AE200C57593 /* background-music.wav */; };
		634676BD282A70B900C57593 /* BuildCategory.swift in Sources */ = {isa = PBXBuildFile; fileRef = 634676BC282A70B900C57593 /* BuildCategory.swift */; };
		634676BF282A72D900C57593 /* House.swift in Sources */ = {isa = PBXBuildFile; fileRef = 634676BE282A72D900C57593 /* House.swift */; };
		634676C1282A732600C57593 /* Administration.swift in Sources */ = {isa = PBXBuildFile; fileRef = 634676C0282A732600C57593 /* Administration.swift */; };
		634676C3282A734800C57593 /* Entertainment.swift in Sources */ = {isa = PBXBuildFile; fileRef = 634676C2282A734800C57593 /* Entertainment.swift */; };
		634676C5282A737E00C57593 /* Decoration.swift in Sources */ = {isa = PBXBuildFile; fileRef = 634676C4282A737E00C57593 /* Decoration.swift */; };
		634676C7282A9C7300C57593 /* construction.mp3 in Resources */ = {isa = PBXBuildFile; fileRef = 634676C6282A9C7300C57593 /* construction.mp3 */; };
		6348B3BF28292F34005095A1 /* Sector.swift in Sources */ = {isa = PBXBuildFile; fileRef = 6348B3BE28292F34005095A1 /* Sector.swift */; };
		6348B3C2282956B8005095A1 /* SelectBuildCollectionViewCell.swift in Sources */ = {isa = PBXBuildFile; fileRef = 6348B3C1282956B8005095A1 /* SelectBuildCollectionViewCell.swift */; };
		6348B3C428296DF4005095A1 /* SectorBackground.swift in Sources */ = {isa = PBXBuildFile; fileRef = 6348B3C328296DF4005095A1 /* SectorBackground.swift */; };
		6348B3C62829761B005095A1 /* Build.swift in Sources */ = {isa = PBXBuildFile; fileRef = 6348B3C52829761B005095A1 /* Build.swift */; };
		6348B3C928299BF5005095A1 /* SettingsViewController.swift in Sources */ = {isa = PBXBuildFile; fileRef = 6348B3C828299BF5005095A1 /* SettingsViewController.swift */; };
		6348B3CB28299C07005095A1 /* Settings.storyboard in Resources */ = {isa = PBXBuildFile; fileRef = 6348B3CA28299C07005095A1 /* Settings.storyboard */; };
		6355ECA9282E5EE500C6AE41 /* SelectBuild.swift in Sources */ = {isa = PBXBuildFile; fileRef = 6355ECA8282E5EE500C6AE41 /* SelectBuild.swift */; };
		6355ECAB2832605A00C6AE41 /* hammer-blow.wav in Resources */ = {isa = PBXBuildFile; fileRef = 6355ECAA2832605A00C6AE41 /* hammer-blow.wav */; };
		637281DC28241971008D3F3C /* GameViewController.swift in Sources */ = {isa = PBXBuildFile; fileRef = 637281DB28241971008D3F3C /* GameViewController.swift */; };
		637281DE28241986008D3F3C /* Game.storyboard in Resources */ = {isa = PBXBuildFile; fileRef = 637281DD28241986008D3F3C /* Game.storyboard */; };
		637281E6282433B6008D3F3C /* GameCollectionViewCell.swift in Sources */ = {isa = PBXBuildFile; fileRef = 637281E5282433B6008D3F3C /* GameCollectionViewCell.swift */; };
		637957DE2824101A00E0B190 /* AppDelegate.swift in Sources */ = {isa = PBXBuildFile; fileRef = 637957DD2824101A00E0B190 /* AppDelegate.swift */; };
		637957E22824101A00E0B190 /* ViewController.swift in Sources */ = {isa = PBXBuildFile; fileRef = 637957E12824101A00E0B190 /* ViewController.swift */; };
		637957E52824101A00E0B190 /* Main.storyboard in Resources */ = {isa = PBXBuildFile; fileRef = 637957E32824101A00E0B190 /* Main.storyboard */; };
		637957E72824101C00E0B190 /* Assets.xcassets in Resources */ = {isa = PBXBuildFile; fileRef = 637957E62824101C00E0B190 /* Assets.xcassets */; };
		637957EA2824101C00E0B190 /* LaunchScreen.storyboard in Resources */ = {isa = PBXBuildFile; fileRef = 637957E82824101C00E0B190 /* LaunchScreen.storyboard */; };
		C7F5C0E970C183A9A8851302 /* Pods_DreamCity.framework in Frameworks */ = {isa = PBXBuildFile; fileRef = 2C62ABF3FA7666B9306C722D /* Pods_DreamCity.framework */; };
/* End PBXBuildFile section */

/* Begin PBXFileReference section */
		2C62ABF3FA7666B9306C722D /* Pods_DreamCity.framework */ = {isa = PBXFileReference; explicitFileType = wrapper.framework; includeInIndex = 0; path = Pods_DreamCity.framework; sourceTree = BUILT_PRODUCTS_DIR; };
		634676B32829B60D00C57593 /* Application.swift */ = {isa = PBXFileReference; lastKnownFileType = sourcecode.swift; path = Application.swift; sourceTree = "<group>"; };
		634676B52829C7ED00C57593 /* AudioPlayer.swift */ = {isa = PBXFileReference; lastKnownFileType = sourcecode.swift; path = AudioPlayer.swift; sourceTree = "<group>"; };
		634676BA282A6AE200C57593 /* background-music.wav */ = {isa = PBXFileReference; lastKnownFileType = audio.wav; path = "background-music.wav"; sourceTree = "<group>"; };
		634676BC282A70B900C57593 /* BuildCategory.swift */ = {isa = PBXFileReference; fileEncoding = 4; lastKnownFileType = sourcecode.swift; path = BuildCategory.swift; sourceTree = "<group>"; };
		634676BE282A72D900C57593 /* House.swift */ = {isa = PBXFileReference; fileEncoding = 4; lastKnownFileType = sourcecode.swift; path = House.swift; sourceTree = "<group>"; };
		634676C0282A732600C57593 /* Administration.swift */ = {isa = PBXFileReference; fileEncoding = 4; lastKnownFileType = sourcecode.swift; path = Administration.swift; sourceTree = "<group>"; };
		634676C2282A734800C57593 /* Entertainment.swift */ = {isa = PBXFileReference; fileEncoding = 4; lastKnownFileType = sourcecode.swift; path = Entertainment.swift; sourceTree = "<group>"; };
		634676C4282A737E00C57593 /* Decoration.swift */ = {isa = PBXFileReference; fileEncoding = 4; lastKnownFileType = sourcecode.swift; path = Decoration.swift; sourceTree = "<group>"; };
		634676C6282A9C7300C57593 /* construction.mp3 */ = {isa = PBXFileReference; lastKnownFileType = audio.mp3; path = construction.mp3; sourceTree = "<group>"; };
		6348B3BE28292F34005095A1 /* Sector.swift */ = {isa = PBXFileReference; lastKnownFileType = sourcecode.swift; path = Sector.swift; sourceTree = "<group>"; };
		6348B3C1282956B8005095A1 /* SelectBuildCollectionViewCell.swift */ = {isa = PBXFileReference; lastKnownFileType = sourcecode.swift; path = SelectBuildCollectionViewCell.swift; sourceTree = "<group>"; };
		6348B3C328296DF4005095A1 /* SectorBackground.swift */ = {isa = PBXFileReference; lastKnownFileType = sourcecode.swift; path = SectorBackground.swift; sourceTree = "<group>"; };
		6348B3C52829761B005095A1 /* Build.swift */ = {isa = PBXFileReference; fileEncoding = 4; lastKnownFileType = sourcecode.swift; path = Build.swift; sourceTree = "<group>"; };
		6348B3C828299BF5005095A1 /* SettingsViewController.swift */ = {isa = PBXFileReference; lastKnownFileType = sourcecode.swift; path = SettingsViewController.swift; sourceTree = "<group>"; };
		6348B3CA28299C07005095A1 /* Settings.storyboard */ = {isa = PBXFileReference; lastKnownFileType = file.storyboard; path = Settings.storyboard; sourceTree = "<group>"; };
		6355ECA8282E5EE500C6AE41 /* SelectBuild.swift */ = {isa = PBXFileReference; lastKnownFileType = sourcecode.swift; path = SelectBuild.swift; sourceTree = "<group>"; };
		6355ECAA2832605A00C6AE41 /* hammer-blow.wav */ = {isa = PBXFileReference; lastKnownFileType = audio.wav; path = "hammer-blow.wav"; sourceTree = "<group>"; };
		637281DB28241971008D3F3C /* GameViewController.swift */ = {isa = PBXFileReference; lastKnownFileType = sourcecode.swift; path = GameViewController.swift; sourceTree = "<group>"; };
		637281DD28241986008D3F3C /* Game.storyboard */ = {isa = PBXFileReference; lastKnownFileType = file.storyboard; path = Game.storyboard; sourceTree = "<group>"; };
		637281E5282433B6008D3F3C /* GameCollectionViewCell.swift */ = {isa = PBXFileReference; lastKnownFileType = sourcecode.swift; path = GameCollectionViewCell.swift; sourceTree = "<group>"; };
		637957DA2824101A00E0B190 /* DreamCity.app */ = {isa = PBXFileReference; explicitFileType = wrapper.application; includeInIndex = 0; path = DreamCity.app; sourceTree = BUILT_PRODUCTS_DIR; };
		637957DD2824101A00E0B190 /* AppDelegate.swift */ = {isa = PBXFileReference; lastKnownFileType = sourcecode.swift; path = AppDelegate.swift; sourceTree = "<group>"; };
		637957E12824101A00E0B190 /* ViewController.swift */ = {isa = PBXFileReference; lastKnownFileType = sourcecode.swift; path = ViewController.swift; sourceTree = "<group>"; };
		637957E42824101A00E0B190 /* Base */ = {isa = PBXFileReference; lastKnownFileType = file.storyboard; name = Base; path = Base.lproj/Main.storyboard; sourceTree = "<group>"; };
		637957E62824101C00E0B190 /* Assets.xcassets */ = {isa = PBXFileReference; lastKnownFileType = folder.assetcatalog; path = Assets.xcassets; sourceTree = "<group>"; };
		637957E92824101C00E0B190 /* Base */ = {isa = PBXFileReference; lastKnownFileType = file.storyboard; name = Base; path = Base.lproj/LaunchScreen.storyboard; sourceTree = "<group>"; };
		637957EB2824101C00E0B190 /* Info.plist */ = {isa = PBXFileReference; lastKnownFileType = text.plist.xml; path = Info.plist; sourceTree = "<group>"; };
		A0191CAF23D18939950CBD54 /* Pods-DreamCity.release.xcconfig */ = {isa = PBXFileReference; includeInIndex = 1; lastKnownFileType = text.xcconfig; name = "Pods-DreamCity.release.xcconfig"; path = "Target Support Files/Pods-DreamCity/Pods-DreamCity.release.xcconfig"; sourceTree = "<group>"; };
		FA5E562E014F37F97D0E1774 /* Pods-DreamCity.debug.xcconfig */ = {isa = PBXFileReference; includeInIndex = 1; lastKnownFileType = text.xcconfig; name = "Pods-DreamCity.debug.xcconfig"; path = "Target Support Files/Pods-DreamCity/Pods-DreamCity.debug.xcconfig"; sourceTree = "<group>"; };
/* End PBXFileReference section */

/* Begin PBXFrameworksBuildPhase section */
		637957D72824101A00E0B190 /* Frameworks */ = {
			isa = PBXFrameworksBuildPhase;
			buildActionMask = 2147483647;
			files = (
				C7F5C0E970C183A9A8851302 /* Pods_DreamCity.framework in Frameworks */,
			);
			runOnlyForDeploymentPostprocessing = 0;
		};
/* End PBXFrameworksBuildPhase section */

/* Begin PBXGroup section */
		4C4B9C9E8638406941ABE68A /* Pods */ = {
			isa = PBXGroup;
			children = (
				FA5E562E014F37F97D0E1774 /* Pods-DreamCity.debug.xcconfig */,
				A0191CAF23D18939950CBD54 /* Pods-DreamCity.release.xcconfig */,
			);
			path = Pods;
			sourceTree = "<group>";
		};
		634676B22829B5ED00C57593 /* Global */ = {
			isa = PBXGroup;
			children = (
				634676B32829B60D00C57593 /* Application.swift */,
				634676B52829C7ED00C57593 /* AudioPlayer.swift */,
			);
			path = Global;
			sourceTree = "<group>";
		};
		634676B72829CD4D00C57593 /* Sounds */ = {
			isa = PBXGroup;
			children = (
				634676BA282A6AE200C57593 /* background-music.wav */,
				6355ECAA2832605A00C6AE41 /* hammer-blow.wav */,
				634676C6282A9C7300C57593 /* construction.mp3 */,
			);
			path = Sounds;
			sourceTree = "<group>";
		};
		6348B3BD28292F1A005095A1 /* Objects */ = {
			isa = PBXGroup;
			children = (
				6348B3BE28292F34005095A1 /* Sector.swift */,
				6355ECA8282E5EE500C6AE41 /* SelectBuild.swift */,
				6348B3C328296DF4005095A1 /* SectorBackground.swift */,
				6348B3C52829761B005095A1 /* Build.swift */,
				634676C0282A732600C57593 /* Administration.swift */,
				634676C2282A734800C57593 /* Entertainment.swift */,
				634676C4282A737E00C57593 /* Decoration.swift */,
				634676BE282A72D900C57593 /* House.swift */,
				634676BC282A70B900C57593 /* BuildCategory.swift */,
			);
			path = Objects;
			sourceTree = "<group>";
		};
		6348B3C02829566D005095A1 /* Cells */ = {
			isa = PBXGroup;
			children = (
				637281E5282433B6008D3F3C /* GameCollectionViewCell.swift */,
				6348B3C1282956B8005095A1 /* SelectBuildCollectionViewCell.swift */,
			);
			path = Cells;
			sourceTree = "<group>";
		};
		6348B3C728299BCF005095A1 /* Settings */ = {
			isa = PBXGroup;
			children = (
				6348B3C828299BF5005095A1 /* SettingsViewController.swift */,
				6348B3CA28299C07005095A1 /* Settings.storyboard */,
			);
			path = Settings;
			sourceTree = "<group>";
		};
		637957D12824101A00E0B190 = {
			isa = PBXGroup;
			children = (
				637957DC2824101A00E0B190 /* DreamCity */,
				637957DB2824101A00E0B190 /* Products */,
				4C4B9C9E8638406941ABE68A /* Pods */,
				D4453976CABE83F3360F5025 /* Frameworks */,
			);
			sourceTree = "<group>";
		};
		637957DB2824101A00E0B190 /* Products */ = {
			isa = PBXGroup;
			children = (
				637957DA2824101A00E0B190 /* DreamCity.app */,
			);
			name = Products;
			sourceTree = "<group>";
		};
		637957DC2824101A00E0B190 /* DreamCity */ = {
			isa = PBXGroup;
			children = (
				634676B72829CD4D00C57593 /* Sounds */,
				634676B22829B5ED00C57593 /* Global */,
				6348B3BD28292F1A005095A1 /* Objects */,
				637957DD2824101A00E0B190 /* AppDelegate.swift */,
				637957F1282410F300E0B190 /* Screens */,
				637957E62824101C00E0B190 /* Assets.xcassets */,
				637957E82824101C00E0B190 /* LaunchScreen.storyboard */,
				637957EB2824101C00E0B190 /* Info.plist */,
			);
			path = DreamCity;
			sourceTree = "<group>";
		};
		637957F1282410F300E0B190 /* Screens */ = {
			isa = PBXGroup;
			children = (
				6348B3C728299BCF005095A1 /* Settings */,
				637957F32824111500E0B190 /* Game */,
				637957F2282410FF00E0B190 /* Main */,
			);
			path = Screens;
			sourceTree = "<group>";
		};
		637957F2282410FF00E0B190 /* Main */ = {
			isa = PBXGroup;
			children = (
				637957E12824101A00E0B190 /* ViewController.swift */,
				637957E32824101A00E0B190 /* Main.storyboard */,
			);
			path = Main;
			sourceTree = "<group>";
		};
		637957F32824111500E0B190 /* Game */ = {
			isa = PBXGroup;
			children = (
				637281DB28241971008D3F3C /* GameViewController.swift */,
				637281DD28241986008D3F3C /* Game.storyboard */,
				6348B3C02829566D005095A1 /* Cells */,
			);
			path = Game;
			sourceTree = "<group>";
		};
		D4453976CABE83F3360F5025 /* Frameworks */ = {
			isa = PBXGroup;
			children = (
				2C62ABF3FA7666B9306C722D /* Pods_DreamCity.framework */,
			);
			name = Frameworks;
			sourceTree = "<group>";
		};
/* End PBXGroup section */

/* Begin PBXNativeTarget section */
		637957D92824101A00E0B190 /* DreamCity */ = {
			isa = PBXNativeTarget;
			buildConfigurationList = 637957EE2824101C00E0B190 /* Build configuration list for PBXNativeTarget "DreamCity" */;
			buildPhases = (
				EB2A6D00082E55195B9FEA01 /* [CP] Check Pods Manifest.lock */,
				637957D62824101A00E0B190 /* Sources */,
				637957D72824101A00E0B190 /* Frameworks */,
				637957D82824101A00E0B190 /* Resources */,
			);
			buildRules = (
			);
			dependencies = (
			);
			name = DreamCity;
			productName = DreamCity;
			productReference = 637957DA2824101A00E0B190 /* DreamCity.app */;
			productType = "com.apple.product-type.application";
		};
/* End PBXNativeTarget section */

/* Begin PBXProject section */
		637957D22824101A00E0B190 /* Project object */ = {
			isa = PBXProject;
			attributes = {
				BuildIndependentTargetsInParallel = 1;
				LastSwiftUpdateCheck = 1330;
				LastUpgradeCheck = 1330;
				TargetAttributes = {
					637957D92824101A00E0B190 = {
						CreatedOnToolsVersion = 13.3.1;
					};
				};
			};
			buildConfigurationList = 637957D52824101A00E0B190 /* Build configuration list for PBXProject "DreamCity" */;
			compatibilityVersion = "Xcode 13.0";
			developmentRegion = en;
			hasScannedForEncodings = 0;
			knownRegions = (
				en,
				Base,
			);
			mainGroup = 637957D12824101A00E0B190;
			productRefGroup = 637957DB2824101A00E0B190 /* Products */;
			projectDirPath = "";
			projectRoot = "";
			targets = (
				637957D92824101A00E0B190 /* DreamCity */,
			);
		};
/* End PBXProject section */

/* Begin PBXResourcesBuildPhase section */
		637957D82824101A00E0B190 /* Resources */ = {
			isa = PBXResourcesBuildPhase;
			buildActionMask = 2147483647;
			files = (
				637957EA2824101C00E0B190 /* LaunchScreen.storyboard in Resources */,
				634676BB282A6AE200C57593 /* background-music.wav in Resources */,
				637281DE28241986008D3F3C /* Game.storyboard in Resources */,
				637957E72824101C00E0B190 /* Assets.xcassets in Resources */,
				637957E52824101A00E0B190 /* Main.storyboard in Resources */,
				6348B3CB28299C07005095A1 /* Settings.storyboard in Resources */,
				6355ECAB2832605A00C6AE41 /* hammer-blow.wav in Resources */,
				634676C7282A9C7300C57593 /* construction.mp3 in Resources */,
			);
			runOnlyForDeploymentPostprocessing = 0;
		};
/* End PBXResourcesBuildPhase section */

/* Begin PBXShellScriptBuildPhase section */
		EB2A6D00082E55195B9FEA01 /* [CP] Check Pods Manifest.lock */ = {
			isa = PBXShellScriptBuildPhase;
			buildActionMask = 2147483647;
			files = (
			);
			inputFileListPaths = (
			);
			inputPaths = (
				"${PODS_PODFILE_DIR_PATH}/Podfile.lock",
				"${PODS_ROOT}/Manifest.lock",
			);
			name = "[CP] Check Pods Manifest.lock";
			outputFileListPaths = (
			);
			outputPaths = (
				"$(DERIVED_FILE_DIR)/Pods-DreamCity-checkManifestLockResult.txt",
			);
			runOnlyForDeploymentPostprocessing = 0;
			shellPath = /bin/sh;
			shellScript = "diff \"${PODS_PODFILE_DIR_PATH}/Podfile.lock\" \"${PODS_ROOT}/Manifest.lock\" > /dev/null\nif [ $? != 0 ] ; then\n    # print error to STDERR\n    echo \"error: The sandbox is not in sync with the Podfile.lock. Run 'pod install' or update your CocoaPods installation.\" >&2\n    exit 1\nfi\n# This output is used by Xcode 'outputs' to avoid re-running this script phase.\necho \"SUCCESS\" > \"${SCRIPT_OUTPUT_FILE_0}\"\n";
			showEnvVarsInLog = 0;
		};
/* End PBXShellScriptBuildPhase section */

/* Begin PBXSourcesBuildPhase section */
		637957D62824101A00E0B190 /* Sources */ = {
			isa = PBXSourcesBuildPhase;
			buildActionMask = 2147483647;
			files = (
				6355ECA9282E5EE500C6AE41 /* SelectBuild.swift in Sources */,
				634676B42829B60D00C57593 /* Application.swift in Sources */,
				637281E6282433B6008D3F3C /* GameCollectionViewCell.swift in Sources */,
				634676BF282A72D900C57593 /* House.swift in Sources */,
				634676C5282A737E00C57593 /* Decoration.swift in Sources */,
				634676B62829C7ED00C57593 /* AudioPlayer.swift in Sources */,
				6348B3C428296DF4005095A1 /* SectorBackground.swift in Sources */,
				634676BD282A70B900C57593 /* BuildCategory.swift in Sources */,
				6348B3BF28292F34005095A1 /* Sector.swift in Sources */,
				637957E22824101A00E0B190 /* ViewController.swift in Sources */,
				6348B3C2282956B8005095A1 /* SelectBuildCollectionViewCell.swift in Sources */,
				634676C1282A732600C57593 /* Administration.swift in Sources */,
				637281DC28241971008D3F3C /* GameViewController.swift in Sources */,
				634676C3282A734800C57593 /* Entertainment.swift in Sources */,
				6348B3C62829761B005095A1 /* Build.swift in Sources */,
				637957DE2824101A00E0B190 /* AppDelegate.swift in Sources */,
				6348B3C928299BF5005095A1 /* SettingsViewController.swift in Sources */,
			);
			runOnlyForDeploymentPostprocessing = 0;
		};
/* End PBXSourcesBuildPhase section */

/* Begin PBXVariantGroup section */
		637957E32824101A00E0B190 /* Main.storyboard */ = {
			isa = PBXVariantGroup;
			children = (
				637957E42824101A00E0B190 /* Base */,
			);
			name = Main.storyboard;
			sourceTree = "<group>";
		};
		637957E82824101C00E0B190 /* LaunchScreen.storyboard */ = {
			isa = PBXVariantGroup;
			children = (
				637957E92824101C00E0B190 /* Base */,
			);
			name = LaunchScreen.storyboard;
			sourceTree = "<group>";
		};
/* End PBXVariantGroup section */

/* Begin XCBuildConfiguration section */
		637957EC2824101C00E0B190 /* Debug */ = {
			isa = XCBuildConfiguration;
			buildSettings = {
				ALWAYS_SEARCH_USER_PATHS = NO;
				CLANG_ANALYZER_NONNULL = YES;
				CLANG_ANALYZER_NUMBER_OBJECT_CONVERSION = YES_AGGRESSIVE;
				CLANG_CXX_LANGUAGE_STANDARD = "gnu++17";
				CLANG_ENABLE_MODULES = YES;
				CLANG_ENABLE_OBJC_ARC = YES;
				CLANG_ENABLE_OBJC_WEAK = YES;
				CLANG_WARN_BLOCK_CAPTURE_AUTORELEASING = YES;
				CLANG_WARN_BOOL_CONVERSION = YES;
				CLANG_WARN_COMMA = YES;
				CLANG_WARN_CONSTANT_CONVERSION = YES;
				CLANG_WARN_DEPRECATED_OBJC_IMPLEMENTATIONS = YES;
				CLANG_WARN_DIRECT_OBJC_ISA_USAGE = YES_ERROR;
				CLANG_WARN_DOCUMENTATION_COMMENTS = YES;
				CLANG_WARN_EMPTY_BODY = YES;
				CLANG_WARN_ENUM_CONVERSION = YES;
				CLANG_WARN_INFINITE_RECURSION = YES;
				CLANG_WARN_INT_CONVERSION = YES;
				CLANG_WARN_NON_LITERAL_NULL_CONVERSION = YES;
				CLANG_WARN_OBJC_IMPLICIT_RETAIN_SELF = YES;
				CLANG_WARN_OBJC_LITERAL_CONVERSION = YES;
				CLANG_WARN_OBJC_ROOT_CLASS = YES_ERROR;
				CLANG_WARN_QUOTED_INCLUDE_IN_FRAMEWORK_HEADER = YES;
				CLANG_WARN_RANGE_LOOP_ANALYSIS = YES;
				CLANG_WARN_STRICT_PROTOTYPES = YES;
				CLANG_WARN_SUSPICIOUS_MOVE = YES;
				CLANG_WARN_UNGUARDED_AVAILABILITY = YES_AGGRESSIVE;
				CLANG_WARN_UNREACHABLE_CODE = YES;
				CLANG_WARN__DUPLICATE_METHOD_MATCH = YES;
				COPY_PHASE_STRIP = NO;
				DEBUG_INFORMATION_FORMAT = dwarf;
				ENABLE_STRICT_OBJC_MSGSEND = YES;
				ENABLE_TESTABILITY = YES;
				GCC_C_LANGUAGE_STANDARD = gnu11;
				GCC_DYNAMIC_NO_PIC = NO;
				GCC_NO_COMMON_BLOCKS = YES;
				GCC_OPTIMIZATION_LEVEL = 0;
				GCC_PREPROCESSOR_DEFINITIONS = (
					"DEBUG=1",
					"$(inherited)",
				);
				GCC_WARN_64_TO_32_BIT_CONVERSION = YES;
				GCC_WARN_ABOUT_RETURN_TYPE = YES_ERROR;
				GCC_WARN_UNDECLARED_SELECTOR = YES;
				GCC_WARN_UNINITIALIZED_AUTOS = YES_AGGRESSIVE;
				GCC_WARN_UNUSED_FUNCTION = YES;
				GCC_WARN_UNUSED_VARIABLE = YES;
				IPHONEOS_DEPLOYMENT_TARGET = 15.4;
				MTL_ENABLE_DEBUG_INFO = INCLUDE_SOURCE;
				MTL_FAST_MATH = YES;
				ONLY_ACTIVE_ARCH = YES;
				SDKROOT = iphoneos;
				SWIFT_ACTIVE_COMPILATION_CONDITIONS = DEBUG;
				SWIFT_OPTIMIZATION_LEVEL = "-Onone";
			};
			name = Debug;
		};
		637957ED2824101C00E0B190 /* Release */ = {
			isa = XCBuildConfiguration;
			buildSettings = {
				ALWAYS_SEARCH_USER_PATHS = NO;
				CLANG_ANALYZER_NONNULL = YES;
				CLANG_ANALYZER_NUMBER_OBJECT_CONVERSION = YES_AGGRESSIVE;
				CLANG_CXX_LANGUAGE_STANDARD = "gnu++17";
				CLANG_ENABLE_MODULES = YES;
				CLANG_ENABLE_OBJC_ARC = YES;
				CLANG_ENABLE_OBJC_WEAK = YES;
				CLANG_WARN_BLOCK_CAPTURE_AUTORELEASING = YES;
				CLANG_WARN_BOOL_CONVERSION = YES;
				CLANG_WARN_COMMA = YES;
				CLANG_WARN_CONSTANT_CONVERSION = YES;
				CLANG_WARN_DEPRECATED_OBJC_IMPLEMENTATIONS = YES;
				CLANG_WARN_DIRECT_OBJC_ISA_USAGE = YES_ERROR;
				CLANG_WARN_DOCUMENTATION_COMMENTS = YES;
				CLANG_WARN_EMPTY_BODY = YES;
				CLANG_WARN_ENUM_CONVERSION = YES;
				CLANG_WARN_INFINITE_RECURSION = YES;
				CLANG_WARN_INT_CONVERSION = YES;
				CLANG_WARN_NON_LITERAL_NULL_CONVERSION = YES;
				CLANG_WARN_OBJC_IMPLICIT_RETAIN_SELF = YES;
				CLANG_WARN_OBJC_LITERAL_CONVERSION = YES;
				CLANG_WARN_OBJC_ROOT_CLASS = YES_ERROR;
				CLANG_WARN_QUOTED_INCLUDE_IN_FRAMEWORK_HEADER = YES;
				CLANG_WARN_RANGE_LOOP_ANALYSIS = YES;
				CLANG_WARN_STRICT_PROTOTYPES = YES;
				CLANG_WARN_SUSPICIOUS_MOVE = YES;
				CLANG_WARN_UNGUARDED_AVAILABILITY = YES_AGGRESSIVE;
				CLANG_WARN_UNREACHABLE_CODE = YES;
				CLANG_WARN__DUPLICATE_METHOD_MATCH = YES;
				COPY_PHASE_STRIP = NO;
				DEBUG_INFORMATION_FORMAT = "dwarf-with-dsym";
				ENABLE_NS_ASSERTIONS = NO;
				ENABLE_STRICT_OBJC_MSGSEND = YES;
				GCC_C_LANGUAGE_STANDARD = gnu11;
				GCC_NO_COMMON_BLOCKS = YES;
				GCC_WARN_64_TO_32_BIT_CONVERSION = YES;
				GCC_WARN_ABOUT_RETURN_TYPE = YES_ERROR;
				GCC_WARN_UNDECLARED_SELECTOR = YES;
				GCC_WARN_UNINITIALIZED_AUTOS = YES_AGGRESSIVE;
				GCC_WARN_UNUSED_FUNCTION = YES;
				GCC_WARN_UNUSED_VARIABLE = YES;
				IPHONEOS_DEPLOYMENT_TARGET = 15.4;
				MTL_ENABLE_DEBUG_INFO = NO;
				MTL_FAST_MATH = YES;
				SDKROOT = iphoneos;
				SWIFT_COMPILATION_MODE = wholemodule;
				SWIFT_OPTIMIZATION_LEVEL = "-O";
				VALIDATE_PRODUCT = YES;
			};
			name = Release;
		};
		637957EF2824101C00E0B190 /* Debug */ = {
			isa = XCBuildConfiguration;
			baseConfigurationReference = FA5E562E014F37F97D0E1774 /* Pods-DreamCity.debug.xcconfig */;
			buildSettings = {
				ASSETCATALOG_COMPILER_APPICON_NAME = AppIcon;
				ASSETCATALOG_COMPILER_GLOBAL_ACCENT_COLOR_NAME = AccentColor;
				ASSETCATALOG_COMPILER_INCLUDE_ALL_APPICON_ASSETS = YES;
				CODE_SIGN_STYLE = Automatic;
				CURRENT_PROJECT_VERSION = 1;
				DEVELOPMENT_TEAM = 466RJTAC3V;
				GENERATE_INFOPLIST_FILE = YES;
				INFOPLIST_FILE = DreamCity/Info.plist;
				INFOPLIST_KEY_UIApplicationSupportsIndirectInputEvents = YES;
				INFOPLIST_KEY_UILaunchStoryboardName = LaunchScreen;
				INFOPLIST_KEY_UIMainStoryboardFile = Main;
				INFOPLIST_KEY_UISupportedInterfaceOrientations = UIInterfaceOrientationPortrait;
				INFOPLIST_KEY_UISupportedInterfaceOrientations_iPad = "UIInterfaceOrientationPortrait UIInterfaceOrientationPortraitUpsideDown UIInterfaceOrientationLandscapeLeft UIInterfaceOrientationLandscapeRight";
				INFOPLIST_KEY_UISupportedInterfaceOrientations_iPhone = "UIInterfaceOrientationPortrait UIInterfaceOrientationLandscapeLeft UIInterfaceOrientationLandscapeRight";
				IPHONEOS_DEPLOYMENT_TARGET = 13.0;
				LD_RUNPATH_SEARCH_PATHS = (
					"$(inherited)",
					"@executable_path/Frameworks",
				);
				MARKETING_VERSION = 1.0;
				PRODUCT_BUNDLE_IDENTIFIER = nechyporenko.DreamCity;
				PRODUCT_NAME = "$(TARGET_NAME)";
				SWIFT_EMIT_LOC_STRINGS = YES;
				SWIFT_VERSION = 5.0;
				TARGETED_DEVICE_FAMILY = 1;
			};
			name = Debug;
		};
		637957F02824101C00E0B190 /* Release */ = {
			isa = XCBuildConfiguration;
			baseConfigurationReference = A0191CAF23D18939950CBD54 /* Pods-DreamCity.release.xcconfig */;
			buildSettings = {
				ASSETCATALOG_COMPILER_APPICON_NAME = AppIcon;
				ASSETCATALOG_COMPILER_GLOBAL_ACCENT_COLOR_NAME = AccentColor;
				ASSETCATALOG_COMPILER_INCLUDE_ALL_APPICON_ASSETS = YES;
				CODE_SIGN_STYLE = Automatic;
				CURRENT_PROJECT_VERSION = 1;
				DEVELOPMENT_TEAM = 466RJTAC3V;
				GENERATE_INFOPLIST_FILE = YES;
				INFOPLIST_FILE = DreamCity/Info.plist;
				INFOPLIST_KEY_UIApplicationSupportsIndirectInputEvents = YES;
				INFOPLIST_KEY_UILaunchStoryboardName = LaunchScreen;
				INFOPLIST_KEY_UIMainStoryboardFile = Main;
				INFOPLIST_KEY_UISupportedInterfaceOrientations = UIInterfaceOrientationPortrait;
				INFOPLIST_KEY_UISupportedInterfaceOrientations_iPad = "UIInterfaceOrientationPortrait UIInterfaceOrientationPortraitUpsideDown UIInterfaceOrientationLandscapeLeft UIInterfaceOrientationLandscapeRight";
				INFOPLIST_KEY_UISupportedInterfaceOrientations_iPhone = "UIInterfaceOrientationPortrait UIInterfaceOrientationLandscapeLeft UIInterfaceOrientationLandscapeRight";
				IPHONEOS_DEPLOYMENT_TARGET = 13.0;
				LD_RUNPATH_SEARCH_PATHS = (
					"$(inherited)",
					"@executable_path/Frameworks",
				);
				MARKETING_VERSION = 1.0;
				PRODUCT_BUNDLE_IDENTIFIER = nechyporenko.DreamCity;
				PRODUCT_NAME = "$(TARGET_NAME)";
				SWIFT_EMIT_LOC_STRINGS = YES;
				SWIFT_VERSION = 5.0;
				TARGETED_DEVICE_FAMILY = 1;
			};
			name = Release;
		};
/* End XCBuildConfiguration section */

/* Begin XCConfigurationList section */
		637957D52824101A00E0B190 /* Build configuration list for PBXProject "DreamCity" */ = {
			isa = XCConfigurationList;
			buildConfigurations = (
				637957EC2824101C00E0B190 /* Debug */,
				637957ED2824101C00E0B190 /* Release */,
			);
			defaultConfigurationIsVisible = 0;
			defaultConfigurationName = Release;
		};
		637957EE2824101C00E0B190 /* Build configuration list for PBXNativeTarget "DreamCity" */ = {
			isa = XCConfigurationList;
			buildConfigurations = (
				637957EF2824101C00E0B190 /* Debug */,
				637957F02824101C00E0B190 /* Release */,
			);
			defaultConfigurationIsVisible = 0;
			defaultConfigurationName = Release;
		};
/* End XCConfigurationList section */
	};
	rootObject = 637957D22824101A00E0B190 /* Project object */;
}
